
Microsoft Visual Studio Solution File, Format Version 12.00
# Visual Studio Version 17
VisualStudioVersion = 17.2.32602.215
MinimumVisualStudioVersion = 10.0.40219.1
Project("{FAE04EC0-301F-11D3-BF4B-00C04F79EFBC}") = "Hết môn C sharp", "Hết môn C sharp\Hết môn C sharp.csproj", "{C23A39C9-7091-405F-8AA3-ACD042996CE7}"
EndProject
Global
	GlobalSection(SolutionConfigurationPlatforms) = preSolution
		Debug|Any CPU = Debug|Any CPU
		Release|Any CPU = Release|Any CPU
	EndGlobalSection
	GlobalSection(ProjectConfigurationPlatforms) = postSolution
		{C23A39C9-7091-405F-8AA3-ACD042996CE7}.Debug|Any CPU.ActiveCfg = Debug|Any CPU
		{C23A39C9-7091-405F-8AA3-ACD042996CE7}.Debug|Any CPU.Build.0 = Debug|Any CPU
		{C23A39C9-7091-405F-8AA3-ACD042996CE7}.Release|Any CPU.ActiveCfg = Release|Any CPU
		{C23A39C9-7091-405F-8AA3-ACD042996CE7}.Release|Any CPU.Build.0 = Release|Any CPU
	EndGlobalSection
	GlobalSection(SolutionProperties) = preSolution
		HideSolutionNode = FALSE
	EndGlobalSection
	GlobalSection(ExtensibilityGlobals) = postSolution
		SolutionGuid = {FED64B1D-4DC1-45A7-9950-0A937C8AB640}
	EndGlobalSection
EndGlobal
