
Microsoft Visual Studio Solution File, Format Version 12.00
# Visual Studio Version 17
VisualStudioVersion = 17.2.32602.215
MinimumVisualStudioVersion = 10.0.40219.1
Project("{FAE04EC0-301F-11D3-BF4B-00C04F79EFBC}") = "SS11", "SS11\SS11.csproj", "{978204A9-C9BE-48A8-AD46-E5BC2CB17700}"
EndProject
Project("{FAE04EC0-301F-11D3-BF4B-00C04F79EFBC}") = "Cs2", "Cs1\Cs2.csproj", "{7CC4CBDA-EFE3-4F7C-9B9D-A123134AC060}"
EndProject
Project("{FAE04EC0-301F-11D3-BF4B-00C04F79EFBC}") = "Cs3", "Cs3\Cs3.csproj", "{8989E0A5-821E-4788-831D-38CD8F30E515}"
EndProject
Project("{FAE04EC0-301F-11D3-BF4B-00C04F79EFBC}") = "Cs4", "Cs4\Cs4.csproj", "{78CEF1B4-1D4A-4763-86F1-6C6A1D0EEC88}"
EndProject
Project("{FAE04EC0-301F-11D3-BF4B-00C04F79EFBC}") = "Cs5", "Cs5\Cs5.csproj", "{4A3BEE55-5F3C-41F7-9BBA-10E94644B5F7}"
EndProject
Project("{FAE04EC0-301F-11D3-BF4B-00C04F79EFBC}") = "Cs6", "Cs6\Cs6.csproj", "{68D88D5C-286A-4DBB-8D14-A6F2E387122D}"
EndProject
Project("{FAE04EC0-301F-11D3-BF4B-00C04F79EFBC}") = "Cs7", "Cs7\Cs7.csproj", "{62E29B69-6632-42A8-86A5-5584E4125A74}"
EndProject
Project("{FAE04EC0-301F-11D3-BF4B-00C04F79EFBC}") = "Cs8", "Cs8\Cs8.csproj", "{D4758101-52AB-420A-9831-45E53EF5AB0E}"
EndProject
Project("{FAE04EC0-301F-11D3-BF4B-00C04F79EFBC}") = "Cs9", "Cs9\Cs9.csproj", "{2C8107B1-5CFB-4874-AFBB-741C8FD148CB}"
EndProject
Project("{FAE04EC0-301F-11D3-BF4B-00C04F79EFBC}") = "Cs10", "Cs10\Cs10.csproj", "{2F99AAAD-AFBD-477E-8C62-7982E3281290}"
EndProject
Project("{FAE04EC0-301F-11D3-BF4B-00C04F79EFBC}") = "Cs12", "Cs12\Cs12.csproj", "{829FC6DD-D9AB-4061-8B4E-A5E2653C4D50}"
EndProject
Global
	GlobalSection(SolutionConfigurationPlatforms) = preSolution
		Debug|Any CPU = Debug|Any CPU
		Release|Any CPU = Release|Any CPU
	EndGlobalSection
	GlobalSection(ProjectConfigurationPlatforms) = postSolution
		{978204A9-C9BE-48A8-AD46-E5BC2CB17700}.Debug|Any CPU.ActiveCfg = Debug|Any CPU
		{978204A9-C9BE-48A8-AD46-E5BC2CB17700}.Debug|Any CPU.Build.0 = Debug|Any CPU
		{978204A9-C9BE-48A8-AD46-E5BC2CB17700}.Release|Any CPU.ActiveCfg = Release|Any CPU
		{978204A9-C9BE-48A8-AD46-E5BC2CB17700}.Release|Any CPU.Build.0 = Release|Any CPU
		{7CC4CBDA-EFE3-4F7C-9B9D-A123134AC060}.Debug|Any CPU.ActiveCfg = Debug|Any CPU
		{7CC4CBDA-EFE3-4F7C-9B9D-A123134AC060}.Debug|Any CPU.Build.0 = Debug|Any CPU
		{7CC4CBDA-EFE3-4F7C-9B9D-A123134AC060}.Release|Any CPU.ActiveCfg = Release|Any CPU
		{7CC4CBDA-EFE3-4F7C-9B9D-A123134AC060}.Release|Any CPU.Build.0 = Release|Any CPU
		{8989E0A5-821E-4788-831D-38CD8F30E515}.Debug|Any CPU.ActiveCfg = Debug|Any CPU
		{8989E0A5-821E-4788-831D-38CD8F30E515}.Debug|Any CPU.Build.0 = Debug|Any CPU
		{8989E0A5-821E-4788-831D-38CD8F30E515}.Release|Any CPU.ActiveCfg = Release|Any CPU
		{8989E0A5-821E-4788-831D-38CD8F30E515}.Release|Any CPU.Build.0 = Release|Any CPU
		{78CEF1B4-1D4A-4763-86F1-6C6A1D0EEC88}.Debug|Any CPU.ActiveCfg = Debug|Any CPU
		{78CEF1B4-1D4A-4763-86F1-6C6A1D0EEC88}.Debug|Any CPU.Build.0 = Debug|Any CPU
		{78CEF1B4-1D4A-4763-86F1-6C6A1D0EEC88}.Release|Any CPU.ActiveCfg = Release|Any CPU
		{78CEF1B4-1D4A-4763-86F1-6C6A1D0EEC88}.Release|Any CPU.Build.0 = Release|Any CPU
		{4A3BEE55-5F3C-41F7-9BBA-10E94644B5F7}.Debug|Any CPU.ActiveCfg = Debug|Any CPU
		{4A3BEE55-5F3C-41F7-9BBA-10E94644B5F7}.Debug|Any CPU.Build.0 = Debug|Any CPU
		{4A3BEE55-5F3C-41F7-9BBA-10E94644B5F7}.Release|Any CPU.ActiveCfg = Release|Any CPU
		{4A3BEE55-5F3C-41F7-9BBA-10E94644B5F7}.Release|Any CPU.Build.0 = Release|Any CPU
		{68D88D5C-286A-4DBB-8D14-A6F2E387122D}.Debug|Any CPU.ActiveCfg = Debug|Any CPU
		{68D88D5C-286A-4DBB-8D14-A6F2E387122D}.Debug|Any CPU.Build.0 = Debug|Any CPU
		{68D88D5C-286A-4DBB-8D14-A6F2E387122D}.Release|Any CPU.ActiveCfg = Release|Any CPU
		{68D88D5C-286A-4DBB-8D14-A6F2E387122D}.Release|Any CPU.Build.0 = Release|Any CPU
		{62E29B69-6632-42A8-86A5-5584E4125A74}.Debug|Any CPU.ActiveCfg = Debug|Any CPU
		{62E29B69-6632-42A8-86A5-5584E4125A74}.Debug|Any CPU.Build.0 = Debug|Any CPU
		{62E29B69-6632-42A8-86A5-5584E4125A74}.Release|Any CPU.ActiveCfg = Release|Any CPU
		{62E29B69-6632-42A8-86A5-5584E4125A74}.Release|Any CPU.Build.0 = Release|Any CPU
		{D4758101-52AB-420A-9831-45E53EF5AB0E}.Debug|Any CPU.ActiveCfg = Debug|Any CPU
		{D4758101-52AB-420A-9831-45E53EF5AB0E}.Debug|Any CPU.Build.0 = Debug|Any CPU
		{D4758101-52AB-420A-9831-45E53EF5AB0E}.Release|Any CPU.ActiveCfg = Release|Any CPU
		{D4758101-52AB-420A-9831-45E53EF5AB0E}.Release|Any CPU.Build.0 = Release|Any CPU
		{2C8107B1-5CFB-4874-AFBB-741C8FD148CB}.Debug|Any CPU.ActiveCfg = Debug|Any CPU
		{2C8107B1-5CFB-4874-AFBB-741C8FD148CB}.Debug|Any CPU.Build.0 = Debug|Any CPU
		{2C8107B1-5CFB-4874-AFBB-741C8FD148CB}.Release|Any CPU.ActiveCfg = Release|Any CPU
		{2C8107B1-5CFB-4874-AFBB-741C8FD148CB}.Release|Any CPU.Build.0 = Release|Any CPU
		{2F99AAAD-AFBD-477E-8C62-7982E3281290}.Debug|Any CPU.ActiveCfg = Debug|Any CPU
		{2F99AAAD-AFBD-477E-8C62-7982E3281290}.Debug|Any CPU.Build.0 = Debug|Any CPU
		{2F99AAAD-AFBD-477E-8C62-7982E3281290}.Release|Any CPU.ActiveCfg = Release|Any CPU
		{2F99AAAD-AFBD-477E-8C62-7982E3281290}.Release|Any CPU.Build.0 = Release|Any CPU
		{829FC6DD-D9AB-4061-8B4E-A5E2653C4D50}.Debug|Any CPU.ActiveCfg = Debug|Any CPU
		{829FC6DD-D9AB-4061-8B4E-A5E2653C4D50}.Debug|Any CPU.Build.0 = Debug|Any CPU
		{829FC6DD-D9AB-4061-8B4E-A5E2653C4D50}.Release|Any CPU.ActiveCfg = Release|Any CPU
		{829FC6DD-D9AB-4061-8B4E-A5E2653C4D50}.Release|Any CPU.Build.0 = Release|Any CPU
	EndGlobalSection
	GlobalSection(SolutionProperties) = preSolution
		HideSolutionNode = FALSE
	EndGlobalSection
	GlobalSection(ExtensibilityGlobals) = postSolution
		SolutionGuid = {D15B1B3C-2946-4DD6-BC83-2DAB68EA0EB0}
	EndGlobalSection
EndGlobal
